
Microsoft Visual Studio Solution File, Format Version 12.00
# Visual Studio 15
VisualStudioVersion = 15.0.28307.705
MinimumVisualStudioVersion = 10.0.40219.1
Project("{FAE04EC0-301F-11D3-BF4B-00C04F79EFBC}") = "RabbitMQClient", "RabbitMQClient\RabbitMQClient.csproj", "{D18BBC74-5D81-45D0-B174-F0D9A23290A3}"
EndProject
Project("{FAE04EC0-301F-11D3-BF4B-00C04F79EFBC}") = "RabbitMQServer", "RabbitMQServer\RabbitMQServer.csproj", "{6975B1CA-6DE1-454C-935E-B5715E436704}"
EndProject
Global
	GlobalSection(SolutionConfigurationPlatforms) = preSolution
		Debug|Any CPU = Debug|Any CPU
		Release|Any CPU = Release|Any CPU
	EndGlobalSection
	GlobalSection(ProjectConfigurationPlatforms) = postSolution
		{D18BBC74-5D81-45D0-B174-F0D9A23290A3}.Debug|Any CPU.ActiveCfg = Debug|Any CPU
		{D18BBC74-5D81-45D0-B174-F0D9A23290A3}.Debug|Any CPU.Build.0 = Debug|Any CPU
		{D18BBC74-5D81-45D0-B174-F0D9A23290A3}.Release|Any CPU.ActiveCfg = Release|Any CPU
		{D18BBC74-5D81-45D0-B174-F0D9A23290A3}.Release|Any CPU.Build.0 = Release|Any CPU
		{6975B1CA-6DE1-454C-935E-B5715E436704}.Debug|Any CPU.ActiveCfg = Debug|Any CPU
		{6975B1CA-6DE1-454C-935E-B5715E436704}.Debug|Any CPU.Build.0 = Debug|Any CPU
		{6975B1CA-6DE1-454C-935E-B5715E436704}.Release|Any CPU.ActiveCfg = Release|Any CPU
		{6975B1CA-6DE1-454C-935E-B5715E436704}.Release|Any CPU.Build.0 = Release|Any CPU
	EndGlobalSection
	GlobalSection(SolutionProperties) = preSolution
		HideSolutionNode = FALSE
	EndGlobalSection
	GlobalSection(ExtensibilityGlobals) = postSolution
		SolutionGuid = {3748CC93-4A87-4817-8BD0-730127111714}
	EndGlobalSection
EndGlobal
